{
  "name": "krait",
  "version": "0.0.1",
  "lockfileVersion": 3,
  "requires": true,
  "packages": {
    "": {
      "name": "krait",
      "version": "0.0.1",
      "license": "MIT",
      "dependencies": {
        "blessed": "^0.1.81",
        "midi": "^2.0.0"
      }
    },
    "node_modules/bindings": {
      "version": "1.5.0",
      "resolved": "https://registry.npmjs.org/bindings/-/bindings-1.5.0.tgz",
      "integrity": "sha512-p2q/t/mhvuOj/UeLlV6566GD/guowlr0hHxClI0W9m7MWYkL1F0hLo+0Aexs9HSPCtR1SXQ0TD3MMKrXZajbiQ==",
      "dependencies": {
        "file-uri-to-path": "1.0.0"
      }
    },
    "node_modules/blessed": {
      "version": "0.1.81",
      "resolved": "https://registry.npmjs.org/blessed/-/blessed-0.1.81.tgz",
      "integrity": "sha512-LoF5gae+hlmfORcG1M5+5XZi4LBmvlXTzwJWzUlPryN/SJdSflZvROM2TwkT0GMpq7oqT48NRd4GS7BiVBc5OQ==",
      "bin": {
        "blessed": "bin/tput.js"
      },
      "engines": {
        "node": ">= 0.8.0"
      }
    },
    "node_modules/file-uri-to-path": {
      "version": "1.0.0",
      "resolved": "https://registry.npmjs.org/file-uri-to-path/-/file-uri-to-path-1.0.0.tgz",
      "integrity": "sha512-0Zt+s3L7Vf1biwWZ29aARiVYLx7iMGnEUl9x33fbB/j3jR81u/O2LbqK+Bm1CDSNDKVtJ/YjwY7TUd5SkeLQLw=="
    },
    "node_modules/midi": {
      "version": "2.0.0",
      "resolved": "https://registry.npmjs.org/midi/-/midi-2.0.0.tgz",
      "integrity": "sha512-HyCLWa+ET8Aqfu/NxdNkxfCx0EfCJrcZgKuhrY4c9UgkfxRt3ChM7RP1oC5vJf7ALXyuAG47jqr5yUlvSodTPQ==",
      "hasInstallScript": true,
      "dependencies": {
        "bindings": "~1.5.0",
        "nan": "^2.14.2"
      },
      "engines": {
        "node": ">=10"
      }
    },
    "node_modules/nan": {
      "version": "2.20.0",
      "resolved": "https://registry.npmjs.org/nan/-/nan-2.20.0.tgz",
      "integrity": "sha512-bk3gXBZDGILuuo/6sKtr0DQmSThYHLtNCdSdXk9YkxD/jK6X2vmCyyXBBxyqZ4XcnzTyYEAThfX3DCEnLf6igw=="
    }
  }
}
